<?xml version="1.0" encoding="utf-8"?>
<Project ToolsVersion="4.0" xmlns="http://schemas.microsoft.com/developer/msbuild/2003">
  <ItemGroup>
    <Filter Include="GameSystem">
      <UniqueIdentifier>{b6f26a81-b48b-4398-ae71-a150422673b8}</UniqueIdentifier>
    </Filter>
    <Filter Include="Platform">
      <UniqueIdentifier>{6309ff5e-66d8-473c-941b-5d700efc42cd}</UniqueIdentifier>
    </Filter>
    <Filter Include="Policies">
      <UniqueIdentifier>{5a609bc0-6ea5-4eec-8fc3-247863778375}</UniqueIdentifier>
    </Filter>
    <Filter Include="Utilities">
      <UniqueIdentifier>{4b8a3be8-660c-4ba2-a507-4fd3959b9b08}</UniqueIdentifier>
    </Filter>
    <Filter Include="Utilities\LinkedReference">
      <UniqueIdentifier>{7d1ef53f-85ad-4c94-90f0-6e02c6db4d2d}</UniqueIdentifier>
    </Filter>
    <Filter Include="Dynamic">
      <UniqueIdentifier>{5ac80c9b-107a-430e-8446-8dbf43cfb55e}</UniqueIdentifier>
    </Filter>
  </ItemGroup>
  <ItemGroup>
    <ClInclude Include="..\..\src\framework\GameSystem\Grid.h">
      <Filter>GameSystem</Filter>
    </ClInclude>
    <ClInclude Include="..\..\src\framework\GameSystem\GridLoader.h">
      <Filter>GameSystem</Filter>
    </ClInclude>
    <ClInclude Include="..\..\src\framework\GameSystem\GridReference.h">
      <Filter>GameSystem</Filter>
    </ClInclude>
    <ClInclude Include="..\..\src\framework\GameSystem\GridRefManager.h">
      <Filter>GameSystem</Filter>
    </ClInclude>
    <ClInclude Include="..\..\src\framework\GameSystem\NGrid.h">
      <Filter>GameSystem</Filter>
    </ClInclude>
    <ClInclude Include="..\..\src\framework\GameSystem\TypeContainer.h">
      <Filter>GameSystem</Filter>
    </ClInclude>
    <ClInclude Include="..\..\src\framework\GameSystem\TypeContainerFunctions.h">
      <Filter>GameSystem</Filter>
    </ClInclude>
    <ClInclude Include="..\..\src\framework\GameSystem\TypeContainerVisitor.h">
      <Filter>GameSystem</Filter>
    </ClInclude>
    <ClInclude Include="..\..\src\framework\Platform\CompilerDefs.h">
      <Filter>Platform</Filter>
    </ClInclude>
    <ClInclude Include="..\..\src\framework\Platform\Define.h">
      <Filter>Platform</Filter>
    </ClInclude>
    <ClInclude Include="..\..\src\framework\Policies\CreationPolicy.h">
      <Filter>Policies</Filter>
    </ClInclude>
    <ClInclude Include="..\..\src\framework\Policies\ObjectLifeTime.h">
      <Filter>Policies</Filter>
    </ClInclude>
    <ClInclude Include="..\..\src\framework\Policies\Singleton.h">
      <Filter>Policies</Filter>
    </ClInclude>
    <ClInclude Include="..\..\src\framework\Policies\SingletonImp.h">
      <Filter>Policies</Filter>
    </ClInclude>
    <ClInclude Include="..\..\src\framework\Policies\ThreadingModel.h">
      <Filter>Policies</Filter>
    </ClInclude>
    <ClInclude Include="..\..\src\framework\Utilities\ByteConverter.h">
      <Filter>Utilities</Filter>
    </ClInclude>
    <ClInclude Include="..\..\src\framework\Utilities\Callback.h">
      <Filter>Utilities</Filter>
    </ClInclude>
    <ClInclude Include="..\..\src\framework\Utilities\EventProcessor.h">
      <Filter>Utilities</Filter>
    </ClInclude>
    <ClInclude Include="..\..\src\framework\Utilities\LinkedList.h">
      <Filter>Utilities</Filter>
    </ClInclude>
    <ClInclude Include="..\..\src\framework\Utilities\TypeList.h">
      <Filter>Utilities</Filter>
    </ClInclude>
    <ClInclude Include="..\..\src\framework\Utilities\UnorderedMapSet.h">
      <Filter>Utilities</Filter>
    </ClInclude>
    <ClInclude Include="..\..\src\framework\Utilities\LinkedReference\Reference.h">
      <Filter>Utilities\LinkedReference</Filter>
    </ClInclude>
    <ClInclude Include="..\..\src\framework\Utilities\LinkedReference\RefManager.h">
      <Filter>Utilities\LinkedReference</Filter>
    </ClInclude>
    <ClInclude Include="..\..\src\framework\Dynamic\FactoryHolder.h">
      <Filter>Dynamic</Filter>
    </ClInclude>
    <ClInclude Include="..\..\src\framework\Dynamic\ObjectRegistry.h">
      <Filter>Dynamic</Filter>
    </ClInclude>
  </ItemGroup>
  <ItemGroup>
    <ClCompile Include="..\..\src\framework\Policies\MemoryManagement.cpp">
      <Filter>Policies</Filter>
    </ClCompile>
    <ClCompile Include="..\..\src\framework\Policies\ObjectLifeTime.cpp">
      <Filter>Policies</Filter>
    </ClCompile>
    <ClCompile Include="..\..\src\framework\Utilities\EventProcessor.cpp">
      <Filter>Utilities</Filter>
    </ClCompile>
  </ItemGroup>
</Project>